// !$*UTF8*$!
{
	archiveVersion = 1;
	classes = {
	};
	objectVersion = 51;
	objects = {

/* Begin PBXAggregateTarget section */
		F1D2AC726B2D53632B89B210 /* Cleanup Whitespace */ = {
			isa = PBXAggregateTarget;
			buildConfigurationList = 8B233A8D266FE5826D8E59BD /* Build configuration list for PBXAggregateTarget "Cleanup Whitespace" */;
			buildPhases = (
				858E8D4583DB527A15DC8E12 /* Cleanup Whitespace */,
			);
			dependencies = (
			);
			name = "Cleanup Whitespace";
			productName = "Cleanup Whitespace";
		};
/* End PBXAggregateTarget section */

/* Begin PBXBuildFile section */
		365BCF4C2371739800F06C51 /* SStickerView.h in Headers */ = {isa = PBXBuildFile; fileRef = 365BCF4A2371739800F06C51 /* SStickerView.h */; settings = {ATTRIBUTES = (Public, ); }; };
		365BCF4D2371739800F06C51 /* SStickerView.m in Sources */ = {isa = PBXBuildFile; fileRef = 365BCF4B2371739800F06C51 /* SStickerView.m */; };
		365BCF592371AE1600F06C51 /* SStickerStyle.h in Headers */ = {isa = PBXBuildFile; fileRef = 365BCF572371AE1600F06C51 /* SStickerStyle.h */; settings = {ATTRIBUTES = (Public, ); }; };
		365BCF5A2371AE1600F06C51 /* SStickerStyle.m in Sources */ = {isa = PBXBuildFile; fileRef = 365BCF582371AE1600F06C51 /* SStickerStyle.m */; };
		36AB6D04237304D9005CCE63 /* SStickerControl.h in Headers */ = {isa = PBXBuildFile; fileRef = 36AB6D02237304D9005CCE63 /* SStickerControl.h */; settings = {ATTRIBUTES = (Public, ); }; };
		36AB6D05237304D9005CCE63 /* SStickerControl.m in Sources */ = {isa = PBXBuildFile; fileRef = 36AB6D03237304D9005CCE63 /* SStickerControl.m */; };
		36F155D020DD0FAB002436F4 /* SStickerKit.h in Headers */ = {isa = PBXBuildFile; fileRef = 36F155CE20DD0FAB002436F4 /* SStickerKit.h */; settings = {ATTRIBUTES = (Public, ); }; };
		36F155D920DD0FC5002436F4 /* SStickerKitTests.m in Sources */ = {isa = PBXBuildFile; fileRef = 36F155D820DD0FC5002436F4 /* SStickerKitTests.m */; };
		36F155DB20DD0FC5002436F4 /* SStickerKit.framework in Frameworks */ = {isa = PBXBuildFile; fileRef = 3601B55B200C90960011CCAE /* SStickerKit.framework */; };
/* End PBXBuildFile section */

/* Begin PBXContainerItemProxy section */
		36F155DC20DD0FC5002436F4 /* PBXContainerItemProxy */ = {
			isa = PBXContainerItemProxy;
			containerPortal = 3601B552200C90960011CCAE /* Project object */;
			proxyType = 1;
			remoteGlobalIDString = 3601B55A200C90960011CCAE;
			remoteInfo = SStickerKit;
		};
/* End PBXContainerItemProxy section */

/* Begin PBXFileReference section */
		0930C79BED30F7ABA259B4F2 /* LICENSE */ = {isa = PBXFileReference; includeInIndex = 1; lastKnownFileType = text; path = LICENSE; sourceTree = "<group>"; };
		3601B55B200C90960011CCAE /* SStickerKit.framework */ = {isa = PBXFileReference; explicitFileType = wrapper.framework; includeInIndex = 0; path = SStickerKit.framework; sourceTree = BUILT_PRODUCTS_DIR; };
		365BCF4A2371739800F06C51 /* SStickerView.h */ = {isa = PBXFileReference; lastKnownFileType = sourcecode.c.h; path = SStickerView.h; sourceTree = "<group>"; };
		365BCF4B2371739800F06C51 /* SStickerView.m */ = {isa = PBXFileReference; lastKnownFileType = sourcecode.c.objc; path = SStickerView.m; sourceTree = "<group>"; };
		365BCF562371AC4100F06C51 /* SStickerConfiguration.h */ = {isa = PBXFileReference; lastKnownFileType = sourcecode.c.h; path = SStickerConfiguration.h; sourceTree = "<group>"; };
		365BCF572371AE1600F06C51 /* SStickerStyle.h */ = {isa = PBXFileReference; lastKnownFileType = sourcecode.c.h; path = SStickerStyle.h; sourceTree = "<group>"; };
		365BCF582371AE1600F06C51 /* SStickerStyle.m */ = {isa = PBXFileReference; lastKnownFileType = sourcecode.c.objc; path = SStickerStyle.m; sourceTree = "<group>"; };
		36AB6D02237304D9005CCE63 /* SStickerControl.h */ = {isa = PBXFileReference; lastKnownFileType = sourcecode.c.h; path = SStickerControl.h; sourceTree = "<group>"; };
		36AB6D03237304D9005CCE63 /* SStickerControl.m */ = {isa = PBXFileReference; lastKnownFileType = sourcecode.c.objc; path = SStickerControl.m; sourceTree = "<group>"; };
		36F155CE20DD0FAB002436F4 /* SStickerKit.h */ = {isa = PBXFileReference; fileEncoding = 4; lastKnownFileType = sourcecode.c.h; path = SStickerKit.h; sourceTree = "<group>"; };
		36F155CF20DD0FAB002436F4 /* Info.plist */ = {isa = PBXFileReference; fileEncoding = 4; lastKnownFileType = text.plist.xml; path = Info.plist; sourceTree = "<group>"; };
		36F155D620DD0FC4002436F4 /* SStickerKitTests.xctest */ = {isa = PBXFileReference; explicitFileType = wrapper.cfbundle; includeInIndex = 0; path = SStickerKitTests.xctest; sourceTree = BUILT_PRODUCTS_DIR; };
		36F155D820DD0FC5002436F4 /* SStickerKitTests.m */ = {isa = PBXFileReference; lastKnownFileType = sourcecode.c.objc; path = SStickerKitTests.m; sourceTree = "<group>"; };
		36F155DA20DD0FC5002436F4 /* Info.plist */ = {isa = PBXFileReference; lastKnownFileType = text.plist.xml; path = Info.plist; sourceTree = "<group>"; };
		46BBEA15B4DDA1ED156C783D /* README.md */ = {isa = PBXFileReference; includeInIndex = 1; lastKnownFileType = net.daringfireball.markdown; path = README.md; sourceTree = "<group>"; };
		A7311E27F935C99128C55F26 /* SStickerKit.podspec */ = {isa = PBXFileReference; includeInIndex = 1; lastKnownFileType = text; path = SStickerKit.podspec; sourceTree = "<group>"; xcLanguageSpecificationIdentifier = xcode.lang.ruby; };
/* End PBXFileReference section */

/* Begin PBXFrameworksBuildPhase section */
		3601B557200C90960011CCAE /* Frameworks */ = {
			isa = PBXFrameworksBuildPhase;
			buildActionMask = 2147483647;
			files = (
			);
			runOnlyForDeploymentPostprocessing = 0;
		};
		36F155D320DD0FC4002436F4 /* Frameworks */ = {
			isa = PBXFrameworksBuildPhase;
			buildActionMask = 2147483647;
			files = (
				36F155DB20DD0FC5002436F4 /* SStickerKit.framework in Frameworks */,
			);
			runOnlyForDeploymentPostprocessing = 0;
		};
/* End PBXFrameworksBuildPhase section */

/* Begin PBXGroup section */
		3601B551200C90960011CCAE = {
			isa = PBXGroup;
			children = (
				36B6681D200DAFCC0064CEE5 /* SStickerKitMetadata */,
				36F155CD20DD0FAB002436F4 /* SStickerKit */,
				36F155D720DD0FC5002436F4 /* Tests */,
				3601B55C200C90960011CCAE /* Products */,
			);
			sourceTree = "<group>";
		};
		3601B55C200C90960011CCAE /* Products */ = {
			isa = PBXGroup;
			children = (
				3601B55B200C90960011CCAE /* SStickerKit.framework */,
				36F155D620DD0FC4002436F4 /* SStickerKitTests.xctest */,
			);
			name = Products;
			sourceTree = "<group>";
		};
		36B6681D200DAFCC0064CEE5 /* SStickerKitMetadata */ = {
			isa = PBXGroup;
			children = (
				A7311E27F935C99128C55F26 /* SStickerKit.podspec */,
				46BBEA15B4DDA1ED156C783D /* README.md */,
				0930C79BED30F7ABA259B4F2 /* LICENSE */,
			);
			name = SStickerKitMetadata;
			sourceTree = "<group>";
		};
		36F155CD20DD0FAB002436F4 /* SStickerKit */ = {
			isa = PBXGroup;
			children = (
				36F155CE20DD0FAB002436F4 /* SStickerKit.h */,
				365BCF562371AC4100F06C51 /* SStickerConfiguration.h */,
				365BCF572371AE1600F06C51 /* SStickerStyle.h */,
				365BCF582371AE1600F06C51 /* SStickerStyle.m */,
				365BCF4A2371739800F06C51 /* SStickerView.h */,
				365BCF4B2371739800F06C51 /* SStickerView.m */,
				36AB6D02237304D9005CCE63 /* SStickerControl.h */,
				36AB6D03237304D9005CCE63 /* SStickerControl.m */,
				36F155CF20DD0FAB002436F4 /* Info.plist */,
			);
			path = SStickerKit;
			sourceTree = "<group>";
		};
		36F155D720DD0FC5002436F4 /* Tests */ = {
			isa = PBXGroup;
			children = (
				36F155D820DD0FC5002436F4 /* SStickerKitTests.m */,
				36F155DA20DD0FC5002436F4 /* Info.plist */,
			);
			path = Tests;
			sourceTree = "<group>";
		};
/* End PBXGroup section */

/* Begin PBXHeadersBuildPhase section */
		3601B558200C90960011CCAE /* Headers */ = {
			isa = PBXHeadersBuildPhase;
			buildActionMask = 2147483647;
			files = (
				36AB6D04237304D9005CCE63 /* SStickerControl.h in Headers */,
				36F155D020DD0FAB002436F4 /* SStickerKit.h in Headers */,
				365BCF592371AE1600F06C51 /* SStickerStyle.h in Headers */,
				365BCF4C2371739800F06C51 /* SStickerView.h in Headers */,
			);
			runOnlyForDeploymentPostprocessing = 0;
		};
/* End PBXHeadersBuildPhase section */

/* Begin PBXNativeTarget section */
		3601B55A200C90960011CCAE /* SStickerKit */ = {
			isa = PBXNativeTarget;
			buildConfigurationList = 3601B56F200C90960011CCAE /* Build configuration list for PBXNativeTarget "SStickerKit" */;
			buildPhases = (
				3601B556200C90960011CCAE /* Sources */,
				3601B557200C90960011CCAE /* Frameworks */,
				3601B558200C90960011CCAE /* Headers */,
				3601B559200C90960011CCAE /* Resources */,
			);
			buildRules = (
			);
			dependencies = (
			);
			name = SStickerKit;
			productName = SStickerKit;
			productReference = 3601B55B200C90960011CCAE /* SStickerKit.framework */;
			productType = "com.apple.product-type.framework";
		};
		36F155D520DD0FC4002436F4 /* SStickerKitTests */ = {
			isa = PBXNativeTarget;
			buildConfigurationList = 36F155DE20DD0FC5002436F4 /* Build configuration list for PBXNativeTarget "SStickerKitTests" */;
			buildPhases = (
				36F155D220DD0FC4002436F4 /* Sources */,
				36F155D320DD0FC4002436F4 /* Frameworks */,
				36F155D420DD0FC4002436F4 /* Resources */,
			);
			buildRules = (
			);
			dependencies = (
				36F155DD20DD0FC5002436F4 /* PBXTargetDependency */,
			);
			name = SStickerKitTests;
			productName = SStickerKitTests;
			productReference = 36F155D620DD0FC4002436F4 /* SStickerKitTests.xctest */;
			productType = "com.apple.product-type.bundle.unit-test";
		};
/* End PBXNativeTarget section */

/* Begin PBXProject section */
		3601B552200C90960011CCAE /* Project object */ = {
			isa = PBXProject;
			attributes = {
				LastUpgradeCheck = 0940;
				ORGANIZATIONNAME = ZhiweiSun;
				TargetAttributes = {
					3601B55A200C90960011CCAE = {
						CreatedOnToolsVersion = 9.2;
						ProvisioningStyle = Manual;
					};
					36F155D520DD0FC4002436F4 = {
						CreatedOnToolsVersion = 9.4;
						ProvisioningStyle = Automatic;
					};
				};
			};
			buildConfigurationList = 3601B555200C90960011CCAE /* Build configuration list for PBXProject "SStickerKit" */;
			compatibilityVersion = "Xcode 10.0";
			developmentRegion = en;
			hasScannedForEncodings = 0;
			knownRegions = (
				en,
				Base,
			);
			mainGroup = 3601B551200C90960011CCAE;
			productRefGroup = 3601B55C200C90960011CCAE /* Products */;
			projectDirPath = "";
			projectRoot = "";
			targets = (
				3601B55A200C90960011CCAE /* SStickerKit */,
				36F155D520DD0FC4002436F4 /* SStickerKitTests */,
				F1D2AC726B2D53632B89B210 /* Cleanup Whitespace */,
			);
		};
/* End PBXProject section */

/* Begin PBXResourcesBuildPhase section */
		3601B559200C90960011CCAE /* Resources */ = {
			isa = PBXResourcesBuildPhase;
			buildActionMask = 2147483647;
			files = (
			);
			runOnlyForDeploymentPostprocessing = 0;
		};
		36F155D420DD0FC4002436F4 /* Resources */ = {
			isa = PBXResourcesBuildPhase;
			buildActionMask = 2147483647;
			files = (
			);
			runOnlyForDeploymentPostprocessing = 0;
		};
/* End PBXResourcesBuildPhase section */

/* Begin PBXShellScriptBuildPhase section */
		858E8D4583DB527A15DC8E12 /* Cleanup Whitespace */ = {
			isa = PBXShellScriptBuildPhase;
			buildActionMask = 2147483647;
			files = (
			);
			inputFileListPaths = (
			);
			inputPaths = (
			);
			name = "Cleanup Whitespace";
			outputFileListPaths = (
			);
			outputPaths = (
			);
			runOnlyForDeploymentPostprocessing = 0;
			shellPath = /bin/sh;
			shellScript = "#!/bin/sh\ndirectories=(Examples SStickerKit Tests)\n\nfor directory in \"${directories[@]}\"\ndo\n    echo \"Cleaning whitespace in directory: $directory\"\n    find $directory -iregex '.*\\.swift' -exec sed -E -i '' -e 's/[[:blank:]]*$//' {} \\;\n    find $directory -iregex '.*\\.[hm]' -exec sed -E -i '' -e 's/[[:blank:]]*$//' {} \\;\ndone\n";
		};
/* End PBXShellScriptBuildPhase section */

/* Begin PBXSourcesBuildPhase section */
		3601B556200C90960011CCAE /* Sources */ = {
			isa = PBXSourcesBuildPhase;
			buildActionMask = 2147483647;
			files = (
				365BCF4D2371739800F06C51 /* SStickerView.m in Sources */,
				36AB6D05237304D9005CCE63 /* SStickerControl.m in Sources */,
				365BCF5A2371AE1600F06C51 /* SStickerStyle.m in Sources */,
			);
			runOnlyForDeploymentPostprocessing = 0;
		};
		36F155D220DD0FC4002436F4 /* Sources */ = {
			isa = PBXSourcesBuildPhase;
			buildActionMask = 2147483647;
			files = (
				36F155D920DD0FC5002436F4 /* SStickerKitTests.m in Sources */,
			);
			runOnlyForDeploymentPostprocessing = 0;
		};
/* End PBXSourcesBuildPhase section */

/* Begin PBXTargetDependency section */
		36F155DD20DD0FC5002436F4 /* PBXTargetDependency */ = {
			isa = PBXTargetDependency;
			target = 3601B55A200C90960011CCAE /* SStickerKit */;
			targetProxy = 36F155DC20DD0FC5002436F4 /* PBXContainerItemProxy */;
		};
/* End PBXTargetDependency section */

/* Begin XCBuildConfiguration section */
		3601B56D200C90960011CCAE /* Debug */ = {
			isa = XCBuildConfiguration;
			buildSettings = {
				ALWAYS_SEARCH_USER_PATHS = NO;
				CLANG_ANALYZER_NONNULL = YES;
				CLANG_ANALYZER_NUMBER_OBJECT_CONVERSION = YES_AGGRESSIVE;
				CLANG_CXX_LANGUAGE_STANDARD = "gnu++14";
				CLANG_CXX_LIBRARY = "libc++";
				CLANG_ENABLE_MODULES = YES;
				CLANG_ENABLE_OBJC_ARC = YES;
				CLANG_WARN_BLOCK_CAPTURE_AUTORELEASING = YES;
				CLANG_WARN_BOOL_CONVERSION = YES;
				CLANG_WARN_COMMA = YES;
				CLANG_WARN_CONSTANT_CONVERSION = YES;
				CLANG_WARN_DEPRECATED_OBJC_IMPLEMENTATIONS = YES;
				CLANG_WARN_DIRECT_OBJC_ISA_USAGE = YES_ERROR;
				CLANG_WARN_DOCUMENTATION_COMMENTS = YES;
				CLANG_WARN_EMPTY_BODY = YES;
				CLANG_WARN_ENUM_CONVERSION = YES;
				CLANG_WARN_INFINITE_RECURSION = YES;
				CLANG_WARN_INT_CONVERSION = YES;
				CLANG_WARN_NON_LITERAL_NULL_CONVERSION = YES;
				CLANG_WARN_OBJC_IMPLICIT_RETAIN_SELF = YES;
				CLANG_WARN_OBJC_LITERAL_CONVERSION = YES;
				CLANG_WARN_OBJC_ROOT_CLASS = YES_ERROR;
				CLANG_WARN_RANGE_LOOP_ANALYSIS = YES;
				CLANG_WARN_STRICT_PROTOTYPES = YES;
				CLANG_WARN_SUSPICIOUS_MOVE = YES;
				CLANG_WARN_UNGUARDED_AVAILABILITY = YES_AGGRESSIVE;
				CLANG_WARN_UNREACHABLE_CODE = YES;
				CLANG_WARN__DUPLICATE_METHOD_MATCH = YES;
				CODE_SIGN_IDENTITY = "iPhone Developer";
				COPY_PHASE_STRIP = NO;
				CURRENT_SStickerKit_VERSION = 1;
				DEBUG_INFORMATION_FORMAT = dwarf;
				ENABLE_STRICT_OBJC_MSGSEND = YES;
				ENABLE_TESTABILITY = YES;
				GCC_C_LANGUAGE_STANDARD = gnu11;
				GCC_DYNAMIC_NO_PIC = NO;
				GCC_NO_COMMON_BLOCKS = YES;
				GCC_OPTIMIZATION_LEVEL = 0;
				GCC_PREPROCESSOR_DEFINITIONS = (
					"DEBUG=1",
					"$(inherited)",
				);
				GCC_WARN_64_TO_32_BIT_CONVERSION = YES;
				GCC_WARN_ABOUT_RETURN_TYPE = YES_ERROR;
				GCC_WARN_UNDECLARED_SELECTOR = YES;
				GCC_WARN_UNINITIALIZED_AUTOS = YES_AGGRESSIVE;
				GCC_WARN_UNUSED_FUNCTION = YES;
				GCC_WARN_UNUSED_VARIABLE = YES;
				IPHONEOS_DEPLOYMENT_TARGET = 8.0;
				MTL_ENABLE_DEBUG_INFO = YES;
				ONLY_ACTIVE_ARCH = YES;
				SDKROOT = iphoneos;
				VERSIONING_SYSTEM = "apple-generic";
				VERSION_INFO_PREFIX = "";
			};
			name = Debug;
		};
		3601B56E200C90960011CCAE /* Release */ = {
			isa = XCBuildConfiguration;
			buildSettings = {
				ALWAYS_SEARCH_USER_PATHS = NO;
				CLANG_ANALYZER_NONNULL = YES;
				CLANG_ANALYZER_NUMBER_OBJECT_CONVERSION = YES_AGGRESSIVE;
				CLANG_CXX_LANGUAGE_STANDARD = "gnu++14";
				CLANG_CXX_LIBRARY = "libc++";
				CLANG_ENABLE_MODULES = YES;
				CLANG_ENABLE_OBJC_ARC = YES;
				CLANG_WARN_BLOCK_CAPTURE_AUTORELEASING = YES;
				CLANG_WARN_BOOL_CONVERSION = YES;
				CLANG_WARN_COMMA = YES;
				CLANG_WARN_CONSTANT_CONVERSION = YES;
				CLANG_WARN_DEPRECATED_OBJC_IMPLEMENTATIONS = YES;
				CLANG_WARN_DIRECT_OBJC_ISA_USAGE = YES_ERROR;
				CLANG_WARN_DOCUMENTATION_COMMENTS = YES;
				CLANG_WARN_EMPTY_BODY = YES;
				CLANG_WARN_ENUM_CONVERSION = YES;
				CLANG_WARN_INFINITE_RECURSION = YES;
				CLANG_WARN_INT_CONVERSION = YES;
				CLANG_WARN_NON_LITERAL_NULL_CONVERSION = YES;
				CLANG_WARN_OBJC_IMPLICIT_RETAIN_SELF = YES;
				CLANG_WARN_OBJC_LITERAL_CONVERSION = YES;
				CLANG_WARN_OBJC_ROOT_CLASS = YES_ERROR;
				CLANG_WARN_RANGE_LOOP_ANALYSIS = YES;
				CLANG_WARN_STRICT_PROTOTYPES = YES;
				CLANG_WARN_SUSPICIOUS_MOVE = YES;
				CLANG_WARN_UNGUARDED_AVAILABILITY = YES_AGGRESSIVE;
				CLANG_WARN_UNREACHABLE_CODE = YES;
				CLANG_WARN__DUPLICATE_METHOD_MATCH = YES;
				CODE_SIGN_IDENTITY = "iPhone Developer";
				COPY_PHASE_STRIP = NO;
				CURRENT_SStickerKit_VERSION = 1;
				DEBUG_INFORMATION_FORMAT = "dwarf-with-dsym";
				ENABLE_NS_ASSERTIONS = NO;
				ENABLE_STRICT_OBJC_MSGSEND = YES;
				GCC_C_LANGUAGE_STANDARD = gnu11;
				GCC_NO_COMMON_BLOCKS = YES;
				GCC_WARN_64_TO_32_BIT_CONVERSION = YES;
				GCC_WARN_ABOUT_RETURN_TYPE = YES_ERROR;
				GCC_WARN_UNDECLARED_SELECTOR = YES;
				GCC_WARN_UNINITIALIZED_AUTOS = YES_AGGRESSIVE;
				GCC_WARN_UNUSED_FUNCTION = YES;
				GCC_WARN_UNUSED_VARIABLE = YES;
				IPHONEOS_DEPLOYMENT_TARGET = 8.0;
				MTL_ENABLE_DEBUG_INFO = NO;
				SDKROOT = iphoneos;
				VALIDATE_PRODUCT = YES;
				VERSIONING_SYSTEM = "apple-generic";
				VERSION_INFO_PREFIX = "";
			};
			name = Release;
		};
		3601B570200C90960011CCAE /* Debug */ = {
			isa = XCBuildConfiguration;
			buildSettings = {
				CODE_SIGN_IDENTITY = "";
				CODE_SIGN_STYLE = Manual;
				DEFINES_MODULE = YES;
				DEVELOPMENT_TEAM = "";
				DYLIB_COMPATIBILITY_VERSION = 1;
				DYLIB_CURRENT_VERSION = 1;
				DYLIB_INSTALL_NAME_BASE = "@rpath";
				INFOPLIST_FILE = "$(SRCROOT)/SStickerKit/Info.plist";
				INSTALL_PATH = "$(LOCAL_LIBRARY_DIR)/Frameworks";
				LD_RUNPATH_SEARCH_PATHS = (
					"$(inherited)",
					"@executable_path/Frameworks",
					"@loader_path/Frameworks",
				);
				PRODUCT_BUNDLE_IDENTIFIER = com.szwathub.SStickerKit;
				PRODUCT_NAME = "$(TARGET_NAME:c99extidentifier)";
				PROVISIONING_PROFILE_SPECIFIER = "";
				SKIP_INSTALL = YES;
				TARGETED_DEVICE_FAMILY = "1,2";
			};
			name = Debug;
		};
		3601B571200C90960011CCAE /* Release */ = {
			isa = XCBuildConfiguration;
			buildSettings = {
				CODE_SIGN_IDENTITY = "";
				CODE_SIGN_STYLE = Manual;
				DEFINES_MODULE = YES;
				DEVELOPMENT_TEAM = "";
				DYLIB_COMPATIBILITY_VERSION = 1;
				DYLIB_CURRENT_VERSION = 1;
				DYLIB_INSTALL_NAME_BASE = "@rpath";
				INFOPLIST_FILE = "$(SRCROOT)/SStickerKit/Info.plist";
				INSTALL_PATH = "$(LOCAL_LIBRARY_DIR)/Frameworks";
				LD_RUNPATH_SEARCH_PATHS = (
					"$(inherited)",
					"@executable_path/Frameworks",
					"@loader_path/Frameworks",
				);
				PRODUCT_BUNDLE_IDENTIFIER = com.szwathub.SStickerKit;
				PRODUCT_NAME = "$(TARGET_NAME:c99extidentifier)";
				PROVISIONING_PROFILE_SPECIFIER = "";
				SKIP_INSTALL = YES;
				TARGETED_DEVICE_FAMILY = "1,2";
			};
			name = Release;
		};
		36F155DF20DD0FC5002436F4 /* Debug */ = {
			isa = XCBuildConfiguration;
			buildSettings = {
				CLANG_ENABLE_OBJC_WEAK = YES;
				CLANG_WARN_DEPRECATED_OBJC_IMPLEMENTATIONS = YES;
				CLANG_WARN_OBJC_IMPLICIT_RETAIN_SELF = YES;
				CODE_SIGN_STYLE = Automatic;
				DEVELOPMENT_TEAM = N26M59Z84Z;
				INFOPLIST_FILE = "$(SRCROOT)/Tests/Info.plist";
				IPHONEOS_DEPLOYMENT_TARGET = 11.4;
				LD_RUNPATH_SEARCH_PATHS = (
					"$(inherited)",
					"@executable_path/Frameworks",
					"@loader_path/Frameworks",
				);
				PRODUCT_BUNDLE_IDENTIFIER = com.szwathub.SStickerKitTests;
				PRODUCT_NAME = "$(TARGET_NAME)";
				TARGETED_DEVICE_FAMILY = "1,2";
			};
			name = Debug;
		};
		36F155E020DD0FC5002436F4 /* Release */ = {
			isa = XCBuildConfiguration;
			buildSettings = {
				CLANG_ENABLE_OBJC_WEAK = YES;
				CLANG_WARN_DEPRECATED_OBJC_IMPLEMENTATIONS = YES;
				CLANG_WARN_OBJC_IMPLICIT_RETAIN_SELF = YES;
				CODE_SIGN_STYLE = Automatic;
				DEVELOPMENT_TEAM = N26M59Z84Z;
				INFOPLIST_FILE = "$(SRCROOT)/Tests/Info.plist";
				IPHONEOS_DEPLOYMENT_TARGET = 11.4;
				LD_RUNPATH_SEARCH_PATHS = (
					"$(inherited)",
					"@executable_path/Frameworks",
					"@loader_path/Frameworks",
				);
				PRODUCT_BUNDLE_IDENTIFIER = com.szwathub.SStickerKitTests;
				PRODUCT_NAME = "$(TARGET_NAME)";
				TARGETED_DEVICE_FAMILY = "1,2";
			};
			name = Release;
		};
		9452D97E5F227A8D07F1D0B0 /* Debug */ = {
			isa = XCBuildConfiguration;
			buildSettings = {
				ASSETCATALOG_COMPILER_APPICON_NAME = AppIcon;
				PRODUCT_NAME = "Cleanup Whitespace";
			};
			name = Debug;
		};
		9B5B52D96F34251B27D4961C /* Release */ = {
			isa = XCBuildConfiguration;
			buildSettings = {
				ASSETCATALOG_COMPILER_APPICON_NAME = AppIcon;
				PRODUCT_NAME = "Cleanup Whitespace";
			};
			name = Release;
		};
/* End XCBuildConfiguration section */

/* Begin XCConfigurationList section */
		3601B555200C90960011CCAE /* Build configuration list for PBXProject "SStickerKit" */ = {
			isa = XCConfigurationList;
			buildConfigurations = (
				3601B56D200C90960011CCAE /* Debug */,
				3601B56E200C90960011CCAE /* Release */,
			);
			defaultConfigurationIsVisible = 0;
			defaultConfigurationName = Release;
		};
		3601B56F200C90960011CCAE /* Build configuration list for PBXNativeTarget "SStickerKit" */ = {
			isa = XCConfigurationList;
			buildConfigurations = (
				3601B570200C90960011CCAE /* Debug */,
				3601B571200C90960011CCAE /* Release */,
			);
			defaultConfigurationIsVisible = 0;
			defaultConfigurationName = Release;
		};
		36F155DE20DD0FC5002436F4 /* Build configuration list for PBXNativeTarget "SStickerKitTests" */ = {
			isa = XCConfigurationList;
			buildConfigurations = (
				36F155DF20DD0FC5002436F4 /* Debug */,
				36F155E020DD0FC5002436F4 /* Release */,
			);
			defaultConfigurationIsVisible = 0;
			defaultConfigurationName = Release;
		};
		8B233A8D266FE5826D8E59BD /* Build configuration list for PBXAggregateTarget "Cleanup Whitespace" */ = {
			isa = XCConfigurationList;
			buildConfigurations = (
				9B5B52D96F34251B27D4961C /* Release */,
				9452D97E5F227A8D07F1D0B0 /* Debug */,
			);
			defaultConfigurationIsVisible = 0;
			defaultConfigurationName = Release;
		};
/* End XCConfigurationList section */
	};
	rootObject = 3601B552200C90960011CCAE /* Project object */;
}
